
Microsoft Visual Studio Solution File, Format Version 12.00
# Visual Studio Version 17
VisualStudioVersion = 17.4.33110.190
MinimumVisualStudioVersion = 10.0.40219.1
Project("{FAE04EC0-301F-11D3-BF4B-00C04F79EFBC}") = "ConsoleApp1", "ConsoleApp1\ConsoleApp1.csproj", "{D122E7C2-C296-4B86-A8B6-B81EFC7C0924}"
EndProject
Global
	GlobalSection(SolutionConfigurationPlatforms) = preSolution
		Debug|Any CPU = Debug|Any CPU
		Release|Any CPU = Release|Any CPU
	EndGlobalSection
	GlobalSection(ProjectConfigurationPlatforms) = postSolution
		{D122E7C2-C296-4B86-A8B6-B81EFC7C0924}.Debug|Any CPU.ActiveCfg = Debug|Any CPU
		{D122E7C2-C296-4B86-A8B6-B81EFC7C0924}.Debug|Any CPU.Build.0 = Debug|Any CPU
		{D122E7C2-C296-4B86-A8B6-B81EFC7C0924}.Release|Any CPU.ActiveCfg = Release|Any CPU
		{D122E7C2-C296-4B86-A8B6-B81EFC7C0924}.Release|Any CPU.Build.0 = Release|Any CPU
	EndGlobalSection
	GlobalSection(SolutionProperties) = preSolution
		HideSolutionNode = FALSE
	EndGlobalSection
	GlobalSection(ExtensibilityGlobals) = postSolution
		SolutionGuid = {BE648C01-4479-42FD-B10D-0EA2EC1240BA}
	EndGlobalSection
EndGlobal
